
Microsoft Visual Studio Solution File, Format Version 12.00
# Visual Studio 14
VisualStudioVersion = 14.0.24720.0
MinimumVisualStudioVersion = 10.0.40219.1
Project("{FAE04EC0-301F-11D3-BF4B-00C04F79EFBC}") = "Mergre_sort", "Mergre_sort\Mergre_sort.csproj", "{BC7951B7-3F9F-4AFE-9364-A52319E56615}"
EndProject
Global
	GlobalSection(SolutionConfigurationPlatforms) = preSolution
		Debug|Any CPU = Debug|Any CPU
		Release|Any CPU = Release|Any CPU
	EndGlobalSection
	GlobalSection(ProjectConfigurationPlatforms) = postSolution
		{BC7951B7-3F9F-4AFE-9364-A52319E56615}.Debug|Any CPU.ActiveCfg = Debug|Any CPU
		{BC7951B7-3F9F-4AFE-9364-A52319E56615}.Debug|Any CPU.Build.0 = Debug|Any CPU
		{BC7951B7-3F9F-4AFE-9364-A52319E56615}.Release|Any CPU.ActiveCfg = Release|Any CPU
		{BC7951B7-3F9F-4AFE-9364-A52319E56615}.Release|Any CPU.Build.0 = Release|Any CPU
	EndGlobalSection
	GlobalSection(SolutionProperties) = preSolution
		HideSolutionNode = FALSE
	EndGlobalSection
EndGlobal
